// !$*UTF8*$!
{
	archiveVersion = 1;
	classes = {
	};
	objectVersion = 46;
	objects = {

/* Begin PBXBuildFile section */
		29F183FA194B646100C55B8E /* main.m in Sources */ = {isa = PBXBuildFile; fileRef = 29F183F9194B646100C55B8E /* main.m */; };
		29F183FD194B646100C55B8E /* AppDelegate.m in Sources */ = {isa = PBXBuildFile; fileRef = 29F183FC194B646100C55B8E /* AppDelegate.m */; };
		29F18400194B646100C55B8E /* ViewController.m in Sources */ = {isa = PBXBuildFile; fileRef = 29F183FF194B646100C55B8E /* ViewController.m */; };
		29F18403194B646100C55B8E /* Main.storyboard in Resources */ = {isa = PBXBuildFile; fileRef = 29F18401194B646100C55B8E /* Main.storyboard */; };
		29F18405194B646100C55B8E /* Images.xcassets in Resources */ = {isa = PBXBuildFile; fileRef = 29F18404194B646100C55B8E /* Images.xcassets */; };
		29F18411194B646100C55B8E /* Sound_detect_OCTests.m in Sources */ = {isa = PBXBuildFile; fileRef = 29F18410194B646100C55B8E /* Sound_detect_OCTests.m */; };
/* End PBXBuildFile section */

/* Begin PBXContainerItemProxy section */
		29F1840B194B646100C55B8E /* PBXContainerItemProxy */ = {
			isa = PBXContainerItemProxy;
			containerPortal = 29F183EC194B646100C55B8E /* Project object */;
			proxyType = 1;
			remoteGlobalIDString = 29F183F3194B646100C55B8E;
			remoteInfo = Sound_detect_OC;
		};
/* End PBXContainerItemProxy section */

/* Begin PBXFileReference section */
		29F183F4194B646100C55B8E /* Sound_detect_OC.app */ = {isa = PBXFileReference; explicitFileType = wrapper.application; includeInIndex = 0; path = Sound_detect_OC.app; sourceTree = BUILT_PRODUCTS_DIR; };
		29F183F8194B646100C55B8E /* Info.plist */ = {isa = PBXFileReference; lastKnownFileType = text.plist.xml; path = Info.plist; sourceTree = "<group>"; };
		29F183F9194B646100C55B8E /* main.m */ = {isa = PBXFileReference; lastKnownFileType = sourcecode.c.objc; path = main.m; sourceTree = "<group>"; };
		29F183FB194B646100C55B8E /* AppDelegate.h */ = {isa = PBXFileReference; lastKnownFileType = sourcecode.c.h; path = AppDelegate.h; sourceTree = "<group>"; };
		29F183FC194B646100C55B8E /* AppDelegate.m */ = {isa = PBXFileReference; lastKnownFileType = sourcecode.c.objc; path = AppDelegate.m; sourceTree = "<group>"; };
		29F183FE194B646100C55B8E /* ViewController.h */ = {isa = PBXFileReference; lastKnownFileType = sourcecode.c.h; path = ViewController.h; sourceTree = "<group>"; };
		29F183FF194B646100C55B8E /* ViewController.m */ = {isa = PBXFileReference; lastKnownFileType = sourcecode.c.objc; path = ViewController.m; sourceTree = "<group>"; };
		29F18402194B646100C55B8E /* Base */ = {isa = PBXFileReference; lastKnownFileType = file.storyboard; name = Base; path = Base.lproj/Main.storyboard; sourceTree = "<group>"; };
		29F18404194B646100C55B8E /* Images.xcassets */ = {isa = PBXFileReference; lastKnownFileType = folder.assetcatalog; path = Images.xcassets; sourceTree = "<group>"; };
		29F1840A194B646100C55B8E /* Sound_detect_OCTests.xctest */ = {isa = PBXFileReference; explicitFileType = wrapper.cfbundle; includeInIndex = 0; path = Sound_detect_OCTests.xctest; sourceTree = BUILT_PRODUCTS_DIR; };
		29F1840F194B646100C55B8E /* Info.plist */ = {isa = PBXFileReference; lastKnownFileType = text.plist.xml; path = Info.plist; sourceTree = "<group>"; };
		29F18410194B646100C55B8E /* Sound_detect_OCTests.m */ = {isa = PBXFileReference; lastKnownFileType = sourcecode.c.objc; path = Sound_detect_OCTests.m; sourceTree = "<group>"; };
/* End PBXFileReference section */

/* Begin PBXFrameworksBuildPhase section */
		29F183F1194B646100C55B8E /* Frameworks */ = {
			isa = PBXFrameworksBuildPhase;
			buildActionMask = 2147483647;
			files = (
			);
			runOnlyForDeploymentPostprocessing = 0;
		};
		29F18407194B646100C55B8E /* Frameworks */ = {
			isa = PBXFrameworksBuildPhase;
			buildActionMask = 2147483647;
			files = (
			);
			runOnlyForDeploymentPostprocessing = 0;
		};
/* End PBXFrameworksBuildPhase section */

/* Begin PBXGroup section */
		29F183EB194B646100C55B8E = {
			isa = PBXGroup;
			children = (
				29F183F6194B646100C55B8E /* Sound_detect_OC */,
				29F1840D194B646100C55B8E /* Sound_detect_OCTests */,
				29F183F5194B646100C55B8E /* Products */,
			);
			sourceTree = "<group>";
		};
		29F183F5194B646100C55B8E /* Products */ = {
			isa = PBXGroup;
			children = (
				29F183F4194B646100C55B8E /* Sound_detect_OC.app */,
				29F1840A194B646100C55B8E /* Sound_detect_OCTests.xctest */,
			);
			name = Products;
			sourceTree = "<group>";
		};
		29F183F6194B646100C55B8E /* Sound_detect_OC */ = {
			isa = PBXGroup;
			children = (
				29F183FB194B646100C55B8E /* AppDelegate.h */,
				29F183FC194B646100C55B8E /* AppDelegate.m */,
				29F183FE194B646100C55B8E /* ViewController.h */,
				29F183FF194B646100C55B8E /* ViewController.m */,
				29F18401194B646100C55B8E /* Main.storyboard */,
				29F18404194B646100C55B8E /* Images.xcassets */,
				29F183F7194B646100C55B8E /* Supporting Files */,
			);
			path = Sound_detect_OC;
			sourceTree = "<group>";
		};
		29F183F7194B646100C55B8E /* Supporting Files */ = {
			isa = PBXGroup;
			children = (
				29F183F8194B646100C55B8E /* Info.plist */,
				29F183F9194B646100C55B8E /* main.m */,
			);
			name = "Supporting Files";
			sourceTree = "<group>";
		};
		29F1840D194B646100C55B8E /* Sound_detect_OCTests */ = {
			isa = PBXGroup;
			children = (
				29F18410194B646100C55B8E /* Sound_detect_OCTests.m */,
				29F1840E194B646100C55B8E /* Supporting Files */,
			);
			path = Sound_detect_OCTests;
			sourceTree = "<group>";
		};
		29F1840E194B646100C55B8E /* Supporting Files */ = {
			isa = PBXGroup;
			children = (
				29F1840F194B646100C55B8E /* Info.plist */,
			);
			name = "Supporting Files";
			sourceTree = "<group>";
		};
/* End PBXGroup section */

/* Begin PBXNativeTarget section */
		29F183F3194B646100C55B8E /* Sound_detect_OC */ = {
			isa = PBXNativeTarget;
			buildConfigurationList = 29F18414194B646100C55B8E /* Build configuration list for PBXNativeTarget "Sound_detect_OC" */;
			buildPhases = (
				29F183F0194B646100C55B8E /* Sources */,
				29F183F1194B646100C55B8E /* Frameworks */,
				29F183F2194B646100C55B8E /* Resources */,
			);
			buildRules = (
			);
			dependencies = (
			);
			name = Sound_detect_OC;
			productName = Sound_detect_OC;
			productReference = 29F183F4194B646100C55B8E /* Sound_detect_OC.app */;
			productType = "com.apple.product-type.application";
		};
		29F18409194B646100C55B8E /* Sound_detect_OCTests */ = {
			isa = PBXNativeTarget;
			buildConfigurationList = 29F18417194B646100C55B8E /* Build configuration list for PBXNativeTarget "Sound_detect_OCTests" */;
			buildPhases = (
				29F18406194B646100C55B8E /* Sources */,
				29F18407194B646100C55B8E /* Frameworks */,
				29F18408194B646100C55B8E /* Resources */,
			);
			buildRules = (
			);
			dependencies = (
				29F1840C194B646100C55B8E /* PBXTargetDependency */,
			);
			name = Sound_detect_OCTests;
			productName = Sound_detect_OCTests;
			productReference = 29F1840A194B646100C55B8E /* Sound_detect_OCTests.xctest */;
			productType = "com.apple.product-type.bundle.unit-test";
		};
/* End PBXNativeTarget section */

/* Begin PBXProject section */
		29F183EC194B646100C55B8E /* Project object */ = {
			isa = PBXProject;
			attributes = {
				LastUpgradeCheck = 0600;
				ORGANIZATIONNAME = "Deqing Sun";
				TargetAttributes = {
					29F183F3194B646100C55B8E = {
						CreatedOnToolsVersion = 6.0;
					};
					29F18409194B646100C55B8E = {
						CreatedOnToolsVersion = 6.0;
						TestTargetID = 29F183F3194B646100C55B8E;
					};
				};
			};
			buildConfigurationList = 29F183EF194B646100C55B8E /* Build configuration list for PBXProject "Sound_detect_OC" */;
			compatibilityVersion = "Xcode 3.2";
			developmentRegion = English;
			hasScannedForEncodings = 0;
			knownRegions = (
				en,
				Base,
			);
			mainGroup = 29F183EB194B646100C55B8E;
			productRefGroup = 29F183F5194B646100C55B8E /* Products */;
			projectDirPath = "";
			projectRoot = "";
			targets = (
				29F183F3194B646100C55B8E /* Sound_detect_OC */,
				29F18409194B646100C55B8E /* Sound_detect_OCTests */,
			);
		};
/* End PBXProject section */

/* Begin PBXResourcesBuildPhase section */
		29F183F2194B646100C55B8E /* Resources */ = {
			isa = PBXResourcesBuildPhase;
			buildActionMask = 2147483647;
			files = (
				29F18403194B646100C55B8E /* Main.storyboard in Resources */,
				29F18405194B646100C55B8E /* Images.xcassets in Resources */,
			);
			runOnlyForDeploymentPostprocessing = 0;
		};
		29F18408194B646100C55B8E /* Resources */ = {
			isa = PBXResourcesBuildPhase;
			buildActionMask = 2147483647;
			files = (
			);
			runOnlyForDeploymentPostprocessing = 0;
		};
/* End PBXResourcesBuildPhase section */

/* Begin PBXSourcesBuildPhase section */
		29F183F0194B646100C55B8E /* Sources */ = {
			isa = PBXSourcesBuildPhase;
			buildActionMask = 2147483647;
			files = (
				29F18400194B646100C55B8E /* ViewController.m in Sources */,
				29F183FD194B646100C55B8E /* AppDelegate.m in Sources */,
				29F183FA194B646100C55B8E /* main.m in Sources */,
			);
			runOnlyForDeploymentPostprocessing = 0;
		};
		29F18406194B646100C55B8E /* Sources */ = {
			isa = PBXSourcesBuildPhase;
			buildActionMask = 2147483647;
			files = (
				29F18411194B646100C55B8E /* Sound_detect_OCTests.m in Sources */,
			);
			runOnlyForDeploymentPostprocessing = 0;
		};
/* End PBXSourcesBuildPhase section */

/* Begin PBXTargetDependency section */
		29F1840C194B646100C55B8E /* PBXTargetDependency */ = {
			isa = PBXTargetDependency;
			target = 29F183F3194B646100C55B8E /* Sound_detect_OC */;
			targetProxy = 29F1840B194B646100C55B8E /* PBXContainerItemProxy */;
		};
/* End PBXTargetDependency section */

/* Begin PBXVariantGroup section */
		29F18401194B646100C55B8E /* Main.storyboard */ = {
			isa = PBXVariantGroup;
			children = (
				29F18402194B646100C55B8E /* Base */,
			);
			name = Main.storyboard;
			sourceTree = "<group>";
		};
/* End PBXVariantGroup section */

/* Begin XCBuildConfiguration section */
		29F18412194B646100C55B8E /* Debug */ = {
			isa = XCBuildConfiguration;
			buildSettings = {
				ALWAYS_SEARCH_USER_PATHS = NO;
				CLANG_CXX_LANGUAGE_STANDARD = "gnu++0x";
				CLANG_CXX_LIBRARY = "libc++";
				CLANG_ENABLE_MODULES = YES;
				CLANG_ENABLE_OBJC_ARC = YES;
				CLANG_WARN_BOOL_CONVERSION = YES;
				CLANG_WARN_CONSTANT_CONVERSION = YES;
				CLANG_WARN_DIRECT_OBJC_ISA_USAGE = YES_ERROR;
				CLANG_WARN_EMPTY_BODY = YES;
				CLANG_WARN_ENUM_CONVERSION = YES;
				CLANG_WARN_INT_CONVERSION = YES;
				CLANG_WARN_OBJC_ROOT_CLASS = YES_ERROR;
				CLANG_WARN_UNREACHABLE_CODE = YES;
				CLANG_WARN__DUPLICATE_METHOD_MATCH = YES;
				"CODE_SIGN_IDENTITY[sdk=iphoneos*]" = "iPhone Developer";
				COPY_PHASE_STRIP = NO;
				ENABLE_STRICT_OBJC_MSGSEND = YES;
				GCC_C_LANGUAGE_STANDARD = gnu99;
				GCC_DYNAMIC_NO_PIC = NO;
				GCC_OPTIMIZATION_LEVEL = 0;
				GCC_PREPROCESSOR_DEFINITIONS = (
					"DEBUG=1",
					"$(inherited)",
				);
				GCC_SYMBOLS_PRIVATE_EXTERN = NO;
				GCC_WARN_64_TO_32_BIT_CONVERSION = YES;
				GCC_WARN_ABOUT_RETURN_TYPE = YES_ERROR;
				GCC_WARN_UNDECLARED_SELECTOR = YES;
				GCC_WARN_UNINITIALIZED_AUTOS = YES_AGGRESSIVE;
				GCC_WARN_UNUSED_FUNCTION = YES;
				GCC_WARN_UNUSED_VARIABLE = YES;
				IPHONEOS_DEPLOYMENT_TARGET = 8.0;
				METAL_ENABLE_DEBUG_INFO = YES;
				ONLY_ACTIVE_ARCH = YES;
				SDKROOT = iphoneos;
				TARGETED_DEVICE_FAMILY = "1,2";
			};
			name = Debug;
		};
		29F18413194B646100C55B8E /* Release */ = {
			isa = XCBuildConfiguration;
			buildSettings = {
				ALWAYS_SEARCH_USER_PATHS = NO;
				CLANG_CXX_LANGUAGE_STANDARD = "gnu++0x";
				CLANG_CXX_LIBRARY = "libc++";
				CLANG_ENABLE_MODULES = YES;
				CLANG_ENABLE_OBJC_ARC = YES;
				CLANG_WARN_BOOL_CONVERSION = YES;
				CLANG_WARN_CONSTANT_CONVERSION = YES;
				CLANG_WARN_DIRECT_OBJC_ISA_USAGE = YES_ERROR;
				CLANG_WARN_EMPTY_BODY = YES;
				CLANG_WARN_ENUM_CONVERSION = YES;
				CLANG_WARN_INT_CONVERSION = YES;
				CLANG_WARN_OBJC_ROOT_CLASS = YES_ERROR;
				CLANG_WARN_UNREACHABLE_CODE = YES;
				CLANG_WARN__DUPLICATE_METHOD_MATCH = YES;
				"CODE_SIGN_IDENTITY[sdk=iphoneos*]" = "iPhone Developer";
				COPY_PHASE_STRIP = YES;
				ENABLE_NS_ASSERTIONS = NO;
				ENABLE_STRICT_OBJC_MSGSEND = YES;
				GCC_C_LANGUAGE_STANDARD = gnu99;
				GCC_WARN_64_TO_32_BIT_CONVERSION = YES;
				GCC_WARN_ABOUT_RETURN_TYPE = YES_ERROR;
				GCC_WARN_UNDECLARED_SELECTOR = YES;
				GCC_WARN_UNINITIALIZED_AUTOS = YES_AGGRESSIVE;
				GCC_WARN_UNUSED_FUNCTION = YES;
				GCC_WARN_UNUSED_VARIABLE = YES;
				IPHONEOS_DEPLOYMENT_TARGET = 8.0;
				METAL_ENABLE_DEBUG_INFO = NO;
				SDKROOT = iphoneos;
				TARGETED_DEVICE_FAMILY = "1,2";
				VALIDATE_PRODUCT = YES;
			};
			name = Release;
		};
		29F18415194B646100C55B8E /* Debug */ = {
			isa = XCBuildConfiguration;
			buildSettings = {
				ASSETCATALOG_COMPILER_APPICON_NAME = AppIcon;
				ASSETCATALOG_COMPILER_LAUNCHIMAGE_NAME = LaunchImage;
				INFOPLIST_FILE = Sound_detect_OC/Info.plist;
				IPHONEOS_DEPLOYMENT_TARGET = 7.1;
				LD_RUNPATH_SEARCH_PATHS = "$(inherited) @executable_path/Frameworks";
				PRODUCT_NAME = "$(TARGET_NAME)";
			};
			name = Debug;
		};
		29F18416194B646100C55B8E /* Release */ = {
			isa = XCBuildConfiguration;
			buildSettings = {
				ASSETCATALOG_COMPILER_APPICON_NAME = AppIcon;
				ASSETCATALOG_COMPILER_LAUNCHIMAGE_NAME = LaunchImage;
				INFOPLIST_FILE = Sound_detect_OC/Info.plist;
				IPHONEOS_DEPLOYMENT_TARGET = 7.1;
				LD_RUNPATH_SEARCH_PATHS = "$(inherited) @executable_path/Frameworks";
				PRODUCT_NAME = "$(TARGET_NAME)";
			};
			name = Release;
		};
		29F18418194B646100C55B8E /* Debug */ = {
			isa = XCBuildConfiguration;
			buildSettings = {
				BUNDLE_LOADER = "$(BUILT_PRODUCTS_DIR)/Sound_detect_OC.app/Sound_detect_OC";
				FRAMEWORK_SEARCH_PATHS = (
					"$(SDKROOT)/Developer/Library/Frameworks",
					"$(inherited)",
				);
				GCC_PREPROCESSOR_DEFINITIONS = (
					"DEBUG=1",
					"$(inherited)",
				);
				INFOPLIST_FILE = Sound_detect_OCTests/Info.plist;
				LD_RUNPATH_SEARCH_PATHS = "$(inherited) @executable_path/Frameworks @loader_path/Frameworks";
				METAL_ENABLE_DEBUG_INFO = YES;
				PRODUCT_NAME = "$(TARGET_NAME)";
				TEST_HOST = "$(BUNDLE_LOADER)";
			};
			name = Debug;
		};
		29F18419194B646100C55B8E /* Release */ = {
			isa = XCBuildConfiguration;
			buildSettings = {
				BUNDLE_LOADER = "$(BUILT_PRODUCTS_DIR)/Sound_detect_OC.app/Sound_detect_OC";
				FRAMEWORK_SEARCH_PATHS = (
					"$(SDKROOT)/Developer/Library/Frameworks",
					"$(inherited)",
				);
				INFOPLIST_FILE = Sound_detect_OCTests/Info.plist;
				LD_RUNPATH_SEARCH_PATHS = "$(inherited) @executable_path/Frameworks @loader_path/Frameworks";
				METAL_ENABLE_DEBUG_INFO = NO;
				PRODUCT_NAME = "$(TARGET_NAME)";
				TEST_HOST = "$(BUNDLE_LOADER)";
			};
			name = Release;
		};
/* End XCBuildConfiguration section */

/* Begin XCConfigurationList section */
		29F183EF194B646100C55B8E /* Build configuration list for PBXProject "Sound_detect_OC" */ = {
			isa = XCConfigurationList;
			buildConfigurations = (
				29F18412194B646100C55B8E /* Debug */,
				29F18413194B646100C55B8E /* Release */,
			);
			defaultConfigurationIsVisible = 0;
			defaultConfigurationName = Release;
		};
		29F18414194B646100C55B8E /* Build configuration list for PBXNativeTarget "Sound_detect_OC" */ = {
			isa = XCConfigurationList;
			buildConfigurations = (
				29F18415194B646100C55B8E /* Debug */,
				29F18416194B646100C55B8E /* Release */,
			);
			defaultConfigurationIsVisible = 0;
			defaultConfigurationName = Release;
		};
		29F18417194B646100C55B8E /* Build configuration list for PBXNativeTarget "Sound_detect_OCTests" */ = {
			isa = XCConfigurationList;
			buildConfigurations = (
				29F18418194B646100C55B8E /* Debug */,
				29F18419194B646100C55B8E /* Release */,
			);
			defaultConfigurationIsVisible = 0;
			defaultConfigurationName = Release;
		};
/* End XCConfigurationList section */
	};
	rootObject = 29F183EC194B646100C55B8E /* Project object */;
}
